
Microsoft Visual Studio Solution File, Format Version 12.00
# Visual Studio 14
VisualStudioVersion = 14.0.25420.1
MinimumVisualStudioVersion = 10.0.40219.1
Project("{FAE04EC0-301F-11D3-BF4B-00C04F79EFBC}") = "TTCNTT", "TTCNTT\TTCNTT.csproj", "{F7D97F6A-06B1-471F-9056-8E5B5BF5D3DD}"
EndProject
Global
	GlobalSection(SolutionConfigurationPlatforms) = preSolution
		Debug|Any CPU = Debug|Any CPU
		Release|Any CPU = Release|Any CPU
	EndGlobalSection
	GlobalSection(ProjectConfigurationPlatforms) = postSolution
		{F7D97F6A-06B1-471F-9056-8E5B5BF5D3DD}.Debug|Any CPU.ActiveCfg = Debug|Any CPU
		{F7D97F6A-06B1-471F-9056-8E5B5BF5D3DD}.Debug|Any CPU.Build.0 = Debug|Any CPU
		{F7D97F6A-06B1-471F-9056-8E5B5BF5D3DD}.Release|Any CPU.ActiveCfg = Release|Any CPU
		{F7D97F6A-06B1-471F-9056-8E5B5BF5D3DD}.Release|Any CPU.Build.0 = Release|Any CPU
	EndGlobalSection
	GlobalSection(SolutionProperties) = preSolution
		HideSolutionNode = FALSE
	EndGlobalSection
EndGlobal
